{
  "name": "aprs-is-demo",
  "version": "1.0.0",
  "lockfileVersion": 1,
  "requires": true,
  "dependencies": {
    "@types/node": {
      "version": "12.12.5",
      "resolved": "https://registry.npmjs.org/@types/node/-/node-12.12.5.tgz",
      "integrity": "sha512-KEjODidV4XYUlJBF3XdjSH5FWoMCtO0utnhtdLf1AgeuZLOrRbvmU/gaRCVg7ZaQDjVf3l84egiY0mRNe5xE4A=="
    },
    "js-aprs-fap": {
      "version": "1.0.0",
      "resolved": "https://registry.npmjs.org/js-aprs-fap/-/js-aprs-fap-1.0.0.tgz",
      "integrity": "sha512-CpBfK9mvlnHVlAYqDeYMl1reDCev+2UwmcmP9+J0XJPJ/Igp+p5In6h/IOTbx+CQxn5574ckKOQQcMKW5BEDCg=="
    },
    "js-aprs-is": {
      "version": "1.0.0",
      "resolved": "https://registry.npmjs.org/js-aprs-is/-/js-aprs-is-1.0.0.tgz",
      "integrity": "sha512-uE97g2Y368eN9+H5mwAI+IHbScg0SKBBSGAa1Qcf3U5NMw6h3GJOm9bC5sw4O1d7U/gxUEqbN6DJs4vq81DQHA==",
      "requires": {
        "@types/node": "^12.12.5"
      }
    },
    "typescript": {
      "version": "3.6.4",
      "resolved": "https://registry.npmjs.org/typescript/-/typescript-3.6.4.tgz",
      "integrity": "sha512-unoCll1+l+YK4i4F8f22TaNVPRHcD9PA3yCuZ8g5e0qGqlVlJ/8FSateOLLSagn+Yg5+ZwuPkL8LFUc0Jcvksg==",
      "dev": true
    }
  }
}
