{
  "name": "aprs-is-demo",
  "version": "1.0.0",
  "lockfileVersion": 1,
  "requires": true,
  "dependencies": {
    "@types/node": {
      "version": "12.12.5",
      "resolved": "https://registry.npmjs.org/@types/node/-/node-12.12.5.tgz",
      "integrity": "sha512-KEjODidV4XYUlJBF3XdjSH5FWoMCtO0utnhtdLf1AgeuZLOrRbvmU/gaRCVg7ZaQDjVf3l84egiY0mRNe5xE4A=="
    },
    "js-aprs-fap": {
      "version": "git://github.com/KD0NKS/js-aprs-fap.git#2cd593a86924e08182edd7fab5f382a0426c8c40",
      "from": "git://github.com/KD0NKS/js-aprs-fap.git"
    },
    "js-aprs-is": {
      "version": "git://github.com/KD0NKS/js-aprs-is.git#c3f33dd4a7c7b7efbcdf46a456f6a1f02047f885",
      "from": "git://github.com/KD0NKS/js-aprs-is.git",
      "requires": {
        "@types/node": "^12.12.5"
      }
    },
    "typescript": {
      "version": "3.6.4",
      "resolved": "https://registry.npmjs.org/typescript/-/typescript-3.6.4.tgz",
      "integrity": "sha512-unoCll1+l+YK4i4F8f22TaNVPRHcD9PA3yCuZ8g5e0qGqlVlJ/8FSateOLLSagn+Yg5+ZwuPkL8LFUc0Jcvksg==",
      "dev": true
    }
  }
}
