{
  "name": "aprstest",
  "version": "1.0.0",
  "lockfileVersion": 1,
  "requires": true,
  "dependencies": {
    "js-aprs-fap": {
      "version": "git://github.com/KD0NKS/js-aprs-fap.git#7b7e51187004114dc0687035a718e934aca8ec05",
      "from": "git://github.com/KD0NKS/js-aprs-fap.git",
      "requires": {
        "typescript": "^3.3.3333"
      },
      "dependencies": {
        "typescript": {
          "version": "3.3.3333",
          "resolved": "https://registry.npmjs.org/typescript/-/typescript-3.3.3333.tgz",
          "integrity": "sha512-JjSKsAfuHBE/fB2oZ8NxtRTk5iGcg6hkYXMnZ3Wc+b2RSqejEqTaem11mHASMnFilHrax3sLK0GDzcJrekZYLw=="
        }
      }
    },
    "js-aprs-is": {
      "version": "git://github.com/KD0NKS/js-aprs-is.git#90bf27f8fd13585542a671e1a6eb54607c4d32b1",
      "from": "git://github.com/KD0NKS/js-aprs-is.git",
      "requires": {
        "typescript": "^3.3.3333"
      },
      "dependencies": {
        "typescript": {
          "version": "3.3.3333",
          "resolved": "https://registry.npmjs.org/typescript/-/typescript-3.3.3333.tgz",
          "integrity": "sha512-JjSKsAfuHBE/fB2oZ8NxtRTk5iGcg6hkYXMnZ3Wc+b2RSqejEqTaem11mHASMnFilHrax3sLK0GDzcJrekZYLw=="
        }
      }
    }
  }
}
